
Microsoft Visual Studio Solution File, Format Version 12.00
# Visual Studio Version 16
VisualStudioVersion = 16.0.31702.278
MinimumVisualStudioVersion = 10.0.40219.1
Project("{F184B08F-C81C-45F6-A57F-5ABD9991F28F}") = "Maze Generator", "Maze Generator\Maze Generator.vbproj", "{450DF8A6-D0D2-40BF-929A-1D5F10C6146A}"
EndProject
Global
	GlobalSection(SolutionConfigurationPlatforms) = preSolution
		Debug|Any CPU = Debug|Any CPU
		Release|Any CPU = Release|Any CPU
	EndGlobalSection
	GlobalSection(ProjectConfigurationPlatforms) = postSolution
		{450DF8A6-D0D2-40BF-929A-1D5F10C6146A}.Debug|Any CPU.ActiveCfg = Debug|Any CPU
		{450DF8A6-D0D2-40BF-929A-1D5F10C6146A}.Debug|Any CPU.Build.0 = Debug|Any CPU
		{450DF8A6-D0D2-40BF-929A-1D5F10C6146A}.Release|Any CPU.ActiveCfg = Release|Any CPU
		{450DF8A6-D0D2-40BF-929A-1D5F10C6146A}.Release|Any CPU.Build.0 = Release|Any CPU
	EndGlobalSection
	GlobalSection(SolutionProperties) = preSolution
		HideSolutionNode = FALSE
	EndGlobalSection
	GlobalSection(ExtensibilityGlobals) = postSolution
		SolutionGuid = {E336C801-7B1B-4620-B5AD-459EEA882F3D}
	EndGlobalSection
EndGlobal
